
Microsoft Visual Studio Solution File, Format Version 12.00
# Visual Studio Version 17
VisualStudioVersion = 17.4.33213.308
MinimumVisualStudioVersion = 15.0.26124.0
Project("{9A19103F-16F7-4668-BE54-9A1E7A4F7556}") = "Roku", "src\Roku.csproj", "{F30B9752-B0FB-4550-8FB5-B2B649BF26AE}"
EndProject
Project("{9A19103F-16F7-4668-BE54-9A1E7A4F7556}") = "Roku.Tests", "test\Roku.Tests.csproj", "{B490A0DF-C7BF-4BD4-846A-23C33F2E5E24}"
EndProject
Global
	GlobalSection(SolutionConfigurationPlatforms) = preSolution
		Debug|Any CPU = Debug|Any CPU
		Release|Any CPU = Release|Any CPU
	EndGlobalSection
	GlobalSection(ProjectConfigurationPlatforms) = postSolution
		{F30B9752-B0FB-4550-8FB5-B2B649BF26AE}.Debug|Any CPU.ActiveCfg = Debug|Any CPU
		{F30B9752-B0FB-4550-8FB5-B2B649BF26AE}.Debug|Any CPU.Build.0 = Debug|Any CPU
		{F30B9752-B0FB-4550-8FB5-B2B649BF26AE}.Release|Any CPU.ActiveCfg = Release|Any CPU
		{F30B9752-B0FB-4550-8FB5-B2B649BF26AE}.Release|Any CPU.Build.0 = Release|Any CPU
		{B490A0DF-C7BF-4BD4-846A-23C33F2E5E24}.Debug|Any CPU.ActiveCfg = Debug|Any CPU
		{B490A0DF-C7BF-4BD4-846A-23C33F2E5E24}.Debug|Any CPU.Build.0 = Debug|Any CPU
		{B490A0DF-C7BF-4BD4-846A-23C33F2E5E24}.Release|Any CPU.ActiveCfg = Release|Any CPU
		{B490A0DF-C7BF-4BD4-846A-23C33F2E5E24}.Release|Any CPU.Build.0 = Release|Any CPU
	EndGlobalSection
	GlobalSection(SolutionProperties) = preSolution
		HideSolutionNode = FALSE
	EndGlobalSection
	GlobalSection(ExtensibilityGlobals) = postSolution
		SolutionGuid = {926E2ABF-2EA6-4DD6-807B-972D079F3B11}
	EndGlobalSection
EndGlobal
